{
  "name": "agent-collab-evals",
  "version": "0.1.0",
  "lockfileVersion": 3,
  "requires": true,
  "packages": {
    "": {
      "name": "agent-collab-evals",
      "version": "0.1.0",
      "dependencies": {
        "@opencode-ai/sdk": "1.18.19",
        "@openrouter/sdk": "1.2.34",
        "opencode-ai": "1.18.19"
      },
      "engines": {
        "node": ">=20"
      }
    },
    "node_modules/@opencode-ai/sdk": {
      "version": "1.18.19",
      "resolved": "https://registry.npmjs.org/@opencode-ai/sdk/-/sdk-1.18.19.tgz",
      "integrity": "sha512-AnszRg7cJ3PA6/06mkqdTJDKn9NJuV26AJMWbKEgRsznbJvrhf3PT8UhQQOhyKQYCygx9ZOxyKMIPVOQdMSS1A==",
      "license": "MIT",
      "dependencies": {
        "cross-spawn": "7.0.6"
      }
    },
    "node_modules/@openrouter/sdk": {
      "version": "1.2.34",
      "resolved": "https://registry.npmjs.org/@openrouter/sdk/-/sdk-1.2.34.tgz",
      "integrity": "sha512-KdbGP/emkkdl+UG7GXJyMsImSlirCsDe2V2zdoOBAV/FS+omDwIbhWdO6N5nxGTtz6bESgE9fi3MsbMCHaSxYw==",
      "hasInstallScript": true,
      "license": "Apache-2.0",
      "dependencies": {
        "zod": "^3.25.0 || ^4.0.0"
      }
    },
    "node_modules/cross-spawn": {
      "version": "7.0.6",
      "resolved": "https://registry.npmjs.org/cross-spawn/-/cross-spawn-7.0.6.tgz",
      "integrity": "sha512-uV2QOWP2nWzsy2aMp8aRibhi9dlzF5Hgh5SHaB9OiTGEyDTiJJyx0uy51QXdyWbtAHNua4XJzUKca3OzKUd3vA==",
      "license": "MIT",
      "dependencies": {
        "path-key": "^3.1.0",
        "shebang-command": "^2.0.0",
        "which": "^2.0.1"
      },
      "engines": {
        "node": ">= 8"
      }
    },
    "node_modules/isexe": {
      "version": "2.0.0",
      "resolved": "https://registry.npmjs.org/isexe/-/isexe-2.0.0.tgz",
      "integrity": "sha512-RHxMLp9lnKHGHRng9QFhRCMbYAcVpn69smSGcq3f36xjgVVWThj4qqLbTLlq7Ssj8B+fIQ1EuCEGI2lKsyQeIw==",
      "license": "ISC"
    },
    "node_modules/opencode-ai": {
      "version": "1.18.19",
      "resolved": "https://registry.npmjs.org/opencode-ai/-/opencode-ai-1.18.19.tgz",
      "integrity": "sha512-+lD0mLSZdnS3hzDFmrhH1epH6pXY2KRCGTNE+/i6sXmontPd+CEO8ruWOhE/myutLLhvaiPa249ZAaK6p5nlww==",
      "cpu": [
        "arm64",
        "x64"
      ],
      "hasInstallScript": true,
      "license": "MIT",
      "os": [
        "darwin",
        "linux",
        "win32"
      ],
      "bin": {
        "opencode": "bin/opencode.exe"
      },
      "optionalDependencies": {
        "opencode-darwin-arm64": "1.18.19",
        "opencode-darwin-x64": "1.18.19",
        "opencode-darwin-x64-baseline": "1.18.19",
        "opencode-linux-arm64": "1.18.19",
        "opencode-linux-arm64-musl": "1.18.19",
        "opencode-linux-x64": "1.18.19",
        "opencode-linux-x64-baseline": "1.18.19",
        "opencode-linux-x64-baseline-musl": "1.18.19",
        "opencode-linux-x64-musl": "1.18.19",
        "opencode-windows-arm64": "1.18.19",
        "opencode-windows-x64": "1.18.19",
        "opencode-windows-x64-baseline": "1.18.19"
      }
    },
    "node_modules/opencode-darwin-arm64": {
      "version": "1.18.19",
      "resolved": "https://registry.npmjs.org/opencode-darwin-arm64/-/opencode-darwin-arm64-1.18.19.tgz",
      "integrity": "sha512-Z4WmQzW6rj5Z4T3iv2kJr6Evhckxw3Mco8nsDE26vzZE4HjbdO2pF9NRFchzS24ippMKZNkR0XyCT4uI3VcZRg==",
      "cpu": [
        "arm64"
      ],
      "optional": true,
      "os": [
        "darwin"
      ]
    },
    "node_modules/opencode-darwin-x64": {
      "version": "1.18.19",
      "resolved": "https://registry.npmjs.org/opencode-darwin-x64/-/opencode-darwin-x64-1.18.19.tgz",
      "integrity": "sha512-zO57azxkOmsE82ElHJDLCDZKYbIIKC9QYEq3VRxy1BmcNBwnkgNTJmMoS7MtwgM3Zbh9WIqRHNmB16RaVGd8qQ==",
      "cpu": [
        "x64"
      ],
      "optional": true,
      "os": [
        "darwin"
      ]
    },
    "node_modules/opencode-darwin-x64-baseline": {
      "version": "1.18.19",
      "resolved": "https://registry.npmjs.org/opencode-darwin-x64-baseline/-/opencode-darwin-x64-baseline-1.18.19.tgz",
      "integrity": "sha512-Gr+yMuW/5ixFGV5Z18VOmPRjRuMMsM6WY74GE2DqkFvAv2sLwUT3Ap5jWPNoo2oHAJztF0JptsJJHWjA2hN8Lg==",
      "cpu": [
        "x64"
      ],
      "optional": true,
      "os": [
        "darwin"
      ]
    },
    "node_modules/opencode-linux-arm64": {
      "version": "1.18.19",
      "resolved": "https://registry.npmjs.org/opencode-linux-arm64/-/opencode-linux-arm64-1.18.19.tgz",
      "integrity": "sha512-sHWJ5LLh8MG3wPIAg2pdpDdYV1gzlP7jAOoBfwkyks7dr0h2NFv3TRea5N8X4ZM11GkoVrlpSQddAgk5zUmDlg==",
      "cpu": [
        "arm64"
      ],
      "optional": true,
      "os": [
        "linux"
      ]
    },
    "node_modules/opencode-linux-arm64-musl": {
      "version": "1.18.19",
      "resolved": "https://registry.npmjs.org/opencode-linux-arm64-musl/-/opencode-linux-arm64-musl-1.18.19.tgz",
      "integrity": "sha512-tADuh/RW576kjtRf/NIXyM7HUP9FUxrLDkyQRI38Pu5nwew2biDdC9ll9JolHgLqL/KbzE44abjAf1PfO/w+kg==",
      "cpu": [
        "arm64"
      ],
      "optional": true,
      "os": [
        "linux"
      ]
    },
    "node_modules/opencode-linux-x64": {
      "version": "1.18.19",
      "resolved": "https://registry.npmjs.org/opencode-linux-x64/-/opencode-linux-x64-1.18.19.tgz",
      "integrity": "sha512-WR7OBWKvks6HvZse/ytaAttGSji6YfHz91IenEMBMA6PoetU33tJfxSnlYrwlK7fCZc68AJK1theTNVVv+7Q3w==",
      "cpu": [
        "x64"
      ],
      "optional": true,
      "os": [
        "linux"
      ]
    },
    "node_modules/opencode-linux-x64-baseline": {
      "version": "1.18.19",
      "resolved": "https://registry.npmjs.org/opencode-linux-x64-baseline/-/opencode-linux-x64-baseline-1.18.19.tgz",
      "integrity": "sha512-bvGsC/IIQ1eDT7hNbgpSRbgONzdQ5wm5SLC59J/oNePkaIgR2YozdSQ4eFSOV0zxwmWPCoGL5JgZBUzyKBx92g==",
      "cpu": [
        "x64"
      ],
      "optional": true,
      "os": [
        "linux"
      ]
    },
    "node_modules/opencode-linux-x64-baseline-musl": {
      "version": "1.18.19",
      "resolved": "https://registry.npmjs.org/opencode-linux-x64-baseline-musl/-/opencode-linux-x64-baseline-musl-1.18.19.tgz",
      "integrity": "sha512-gBhHTJnn2ntHCVdINqhSlRAPsYcYqOGXOXIXqlGMgpHFUHOwgyorZqha3uSGjb7lsUjOB6z7Fev7ZQ/KkDhKhQ==",
      "cpu": [
        "x64"
      ],
      "optional": true,
      "os": [
        "linux"
      ]
    },
    "node_modules/opencode-linux-x64-musl": {
      "version": "1.18.19",
      "resolved": "https://registry.npmjs.org/opencode-linux-x64-musl/-/opencode-linux-x64-musl-1.18.19.tgz",
      "integrity": "sha512-SiZvUiwpinFdO5dir/xewbBAFMMfV/GQMeDZdAsnic9mJzO3DdE9XbbjHmvPEpiwD9oBW5PUtrHGs/Dyp/VUQA==",
      "cpu": [
        "x64"
      ],
      "optional": true,
      "os": [
        "linux"
      ]
    },
    "node_modules/opencode-windows-arm64": {
      "version": "1.18.19",
      "resolved": "https://registry.npmjs.org/opencode-windows-arm64/-/opencode-windows-arm64-1.18.19.tgz",
      "integrity": "sha512-T3Q2ud2sEst3tr2q6KnhnR7LqXHb0nCTGMK9B76wLN2Z39Ivw8YhMhru76n0RyPKgu8Yiy9rbwn4M7ND9zXfYQ==",
      "cpu": [
        "arm64"
      ],
      "optional": true,
      "os": [
        "win32"
      ]
    },
    "node_modules/opencode-windows-x64": {
      "version": "1.18.19",
      "resolved": "https://registry.npmjs.org/opencode-windows-x64/-/opencode-windows-x64-1.18.19.tgz",
      "integrity": "sha512-+8b7eP8YtSBlDNNC6pKdWqmXzWplxRGGwmRsxhO34onjIwH2XAIbKsAtnFoA5GZjHoGmfNE77YXNs0IcLIDaaQ==",
      "cpu": [
        "x64"
      ],
      "optional": true,
      "os": [
        "win32"
      ]
    },
    "node_modules/opencode-windows-x64-baseline": {
      "version": "1.18.19",
      "resolved": "https://registry.npmjs.org/opencode-windows-x64-baseline/-/opencode-windows-x64-baseline-1.18.19.tgz",
      "integrity": "sha512-Y9ETZMUnGw0R1oMzPvMDVi48s9xWgBUPYoC1ue6wBe30RJ4lOTQJUN9CUybNFXnED73H56ar25dvozuetO9J+g==",
      "cpu": [
        "x64"
      ],
      "optional": true,
      "os": [
        "win32"
      ]
    },
    "node_modules/path-key": {
      "version": "3.1.1",
      "resolved": "https://registry.npmjs.org/path-key/-/path-key-3.1.1.tgz",
      "integrity": "sha512-ojmeN0qd+y0jszEtoY48r0Peq5dwMEkIlCOu6Q5f41lfkswXuKtYrhgoTpLnyIcHm24Uhqx+5Tqm2InSwLhE6Q==",
      "license": "MIT",
      "engines": {
        "node": ">=8"
      }
    },
    "node_modules/shebang-command": {
      "version": "2.0.0",
      "resolved": "https://registry.npmjs.org/shebang-command/-/shebang-command-2.0.0.tgz",
      "integrity": "sha512-kHxr2zZpYtdmrN1qDjrrX/Z1rR1kG8Dx+gkpK1G4eXmvXswmcE1hTWBWYUzlraYw1/yZp6YuDY77YtvbN0dmDA==",
      "license": "MIT",
      "dependencies": {
        "shebang-regex": "^3.0.0"
      },
      "engines": {
        "node": ">=8"
      }
    },
    "node_modules/shebang-regex": {
      "version": "3.0.0",
      "resolved": "https://registry.npmjs.org/shebang-regex/-/shebang-regex-3.0.0.tgz",
      "integrity": "sha512-7++dFhtcx3353uBaq8DDR4NuxBetBzC7ZQOhmTQInHEd6bSrXdiEyzCvG07Z44UYdLShWUyXt5M/yhz8ekcb1A==",
      "license": "MIT",
      "engines": {
        "node": ">=8"
      }
    },
    "node_modules/which": {
      "version": "2.0.2",
      "resolved": "https://registry.npmjs.org/which/-/which-2.0.2.tgz",
      "integrity": "sha512-BLI3Tl1TW3Pvl70l3yq3Y64i+awpwXqsGBYWkkqMtnbXgrMD+yj7rhW0kuEDxzJaYXGjEW5ogapKNMEKNMjibA==",
      "license": "ISC",
      "dependencies": {
        "isexe": "^2.0.0"
      },
      "bin": {
        "node-which": "bin/node-which"
      },
      "engines": {
        "node": ">= 8"
      }
    },
    "node_modules/zod": {
      "version": "4.4.3",
      "resolved": "https://registry.npmjs.org/zod/-/zod-4.4.3.tgz",
      "integrity": "sha512-ytENFjIJFl2UwYglde2jchW2Hwm4GJFLDiSXWdTrJQBIN9Fcyp7n4DhxJEiWNAJMV1/BqWfW/kkg71UDcHJyTQ==",
      "license": "MIT",
      "funding": {
        "url": "https://github.com/sponsors/colinhacks"
      }
    }
  }
}
