{
  "name": "agent-collab-evals",
  "version": "0.1.0",
  "lockfileVersion": 3,
  "requires": true,
  "packages": {
    "": {
      "name": "agent-collab-evals",
      "version": "0.1.0",
      "dependencies": {
        "@openrouter/sdk": "1.2.34"
      },
      "engines": {
        "node": ">=20"
      }
    },
    "node_modules/@openrouter/sdk": {
      "version": "1.2.34",
      "resolved": "https://registry.npmjs.org/@openrouter/sdk/-/sdk-1.2.34.tgz",
      "integrity": "sha512-KdbGP/emkkdl+UG7GXJyMsImSlirCsDe2V2zdoOBAV/FS+omDwIbhWdO6N5nxGTtz6bESgE9fi3MsbMCHaSxYw==",
      "hasInstallScript": true,
      "license": "Apache-2.0",
      "dependencies": {
        "zod": "^3.25.0 || ^4.0.0"
      }
    },
    "node_modules/zod": {
      "version": "4.4.3",
      "resolved": "https://registry.npmjs.org/zod/-/zod-4.4.3.tgz",
      "integrity": "sha512-ytENFjIJFl2UwYglde2jchW2Hwm4GJFLDiSXWdTrJQBIN9Fcyp7n4DhxJEiWNAJMV1/BqWfW/kkg71UDcHJyTQ==",
      "license": "MIT",
      "funding": {
        "url": "https://github.com/sponsors/colinhacks"
      }
    }
  }
}
